
Microsoft Visual Studio Solution File, Format Version 12.00
# Visual Studio Version 17
VisualStudioVersion = 17.14.37111.16 d17.14
MinimumVisualStudioVersion = 10.0.40219.1
Project("{8BC9CEB8-8B4A-11D0-8D11-00A0C91BC942}") = "LLMChat", "LLMChat\LLMChat.vcxproj", "{E410116F-00E0-4C60-9C18-554AC9D6E53D}"
EndProject
Global
	GlobalSection(SolutionConfigurationPlatforms) = preSolution
		Debug|x64 = Debug|x64
		Debug|x86 = Debug|x86
		Release|x64 = Release|x64
		Release|x86 = Release|x86
	EndGlobalSection
	GlobalSection(ProjectConfigurationPlatforms) = postSolution
		{E410116F-00E0-4C60-9C18-554AC9D6E53D}.Debug|x64.ActiveCfg = Debug|x64
		{E410116F-00E0-4C60-9C18-554AC9D6E53D}.Debug|x64.Build.0 = Debug|x64
		{E410116F-00E0-4C60-9C18-554AC9D6E53D}.Debug|x86.ActiveCfg = Debug|Win32
		{E410116F-00E0-4C60-9C18-554AC9D6E53D}.Debug|x86.Build.0 = Debug|Win32
		{E410116F-00E0-4C60-9C18-554AC9D6E53D}.Release|x64.ActiveCfg = Release|x64
		{E410116F-00E0-4C60-9C18-554AC9D6E53D}.Release|x64.Build.0 = Release|x64
		{E410116F-00E0-4C60-9C18-554AC9D6E53D}.Release|x86.ActiveCfg = Release|Win32
		{E410116F-00E0-4C60-9C18-554AC9D6E53D}.Release|x86.Build.0 = Release|Win32
	EndGlobalSection
	GlobalSection(SolutionProperties) = preSolution
		HideSolutionNode = FALSE
	EndGlobalSection
	GlobalSection(ExtensibilityGlobals) = postSolution
		SolutionGuid = {B9582CA7-CAD1-43C4-98F1-2BE384A23AFD}
	EndGlobalSection
EndGlobal
